# This file is automatically @generated by Cargo.
# It is not intended for manual editing.
version = 3

[[package]]
name = "inps"
version = "0.1.0"
dependencies = [
 "libc",
 "sendfd",
]

[[package]]
name = "libc"
version = "0.2.138"
source = "registry+https://github.com/rust-lang/crates.io-index"
checksum = "db6d7e329c562c5dfab7a46a2afabc8b987ab9a4834c9d1ca04dc54c1546cef8"

[[package]]
name = "sendfd"
version = "0.4.3"
source = "registry+https://github.com/rust-lang/crates.io-index"
checksum = "604b71b8fc267e13bb3023a2c901126c8f349393666a6d98ac1ae5729b701798"
dependencies = [
 "libc",
]
